
Microsoft Visual Studio Solution File, Format Version 12.00
# Visual Studio Version 17
VisualStudioVersion = 17.3.32825.248
MinimumVisualStudioVersion = 10.0.40219.1
Project("{9A19103F-16F7-4668-BE54-9A1E7A4F7556}") = "RanniDiscordBot", "RanniDiscordBot.csproj", "{2C0E3CD5-0AA0-40C9-A389-89199D72441C}"
EndProject
Project("{FAE04EC0-301F-11D3-BF4B-00C04F79EFBC}") = "RanniGUI", "RanniGUI\RanniGUI.csproj", "{B64237AB-2347-4483-A8D4-A7D255EA51B7}"
EndProject
Global
	GlobalSection(SolutionConfigurationPlatforms) = preSolution
		Debug|Any CPU = Debug|Any CPU
		Release|Any CPU = Release|Any CPU
	EndGlobalSection
	GlobalSection(ProjectConfigurationPlatforms) = postSolution
		{2C0E3CD5-0AA0-40C9-A389-89199D72441C}.Debug|Any CPU.ActiveCfg = Debug|Any CPU
		{2C0E3CD5-0AA0-40C9-A389-89199D72441C}.Debug|Any CPU.Build.0 = Debug|Any CPU
		{2C0E3CD5-0AA0-40C9-A389-89199D72441C}.Release|Any CPU.ActiveCfg = Release|Any CPU
		{2C0E3CD5-0AA0-40C9-A389-89199D72441C}.Release|Any CPU.Build.0 = Release|Any CPU
		{B64237AB-2347-4483-A8D4-A7D255EA51B7}.Debug|Any CPU.ActiveCfg = Debug|Any CPU
		{B64237AB-2347-4483-A8D4-A7D255EA51B7}.Debug|Any CPU.Build.0 = Debug|Any CPU
		{B64237AB-2347-4483-A8D4-A7D255EA51B7}.Debug|Any CPU.Deploy.0 = Debug|Any CPU
		{B64237AB-2347-4483-A8D4-A7D255EA51B7}.Release|Any CPU.ActiveCfg = Release|Any CPU
		{B64237AB-2347-4483-A8D4-A7D255EA51B7}.Release|Any CPU.Build.0 = Release|Any CPU
		{B64237AB-2347-4483-A8D4-A7D255EA51B7}.Release|Any CPU.Deploy.0 = Release|Any CPU
	EndGlobalSection
	GlobalSection(SolutionProperties) = preSolution
		HideSolutionNode = FALSE
	EndGlobalSection
	GlobalSection(ExtensibilityGlobals) = postSolution
		SolutionGuid = {DC956013-27C5-4E34-876A-F9C5EFAC5D57}
	EndGlobalSection
EndGlobal
